
Microsoft Visual Studio Solution File, Format Version 12.00
# Visual Studio Version 17
VisualStudioVersion = 17.12.35506.116
MinimumVisualStudioVersion = 10.0.40219.1
Project("{FAE04EC0-301F-11D3-BF4B-00C04F79EFBC}") = "pkd-common-utils", "pkd-common-utils\pkd-common-utils.csproj", "{E5B02DC8-FBFD-41AB-B4AA-F1178DC68CA8}"
EndProject
Project("{FAE04EC0-301F-11D3-BF4B-00C04F79EFBC}") = "pkd-domain-service", "pkd-domain-service\pkd-domain-service.csproj", "{1CE087C3-F6F4-4E73-B66E-CFFC97CFA294}"
EndProject
Project("{FAE04EC0-301F-11D3-BF4B-00C04F79EFBC}") = "pkd-config-service", "pkd-config-service\pkd-config-service.csproj", "{689056D9-120F-413A-8B78-5BBB55AEE509}"
EndProject
Project("{FAE04EC0-301F-11D3-BF4B-00C04F79EFBC}") = "pkd-hardware-service", "pkd-hardware-service\pkd-hardware-service.csproj", "{9D3CFE42-7BEE-4688-9D63-D0924DF03ECC}"
EndProject
Global
	GlobalSection(SolutionConfigurationPlatforms) = preSolution
		Debug|Any CPU = Debug|Any CPU
		Release|Any CPU = Release|Any CPU
	EndGlobalSection
	GlobalSection(ProjectConfigurationPlatforms) = postSolution
		{E5B02DC8-FBFD-41AB-B4AA-F1178DC68CA8}.Debug|Any CPU.ActiveCfg = Debug|Any CPU
		{E5B02DC8-FBFD-41AB-B4AA-F1178DC68CA8}.Debug|Any CPU.Build.0 = Debug|Any CPU
		{E5B02DC8-FBFD-41AB-B4AA-F1178DC68CA8}.Release|Any CPU.ActiveCfg = Release|Any CPU
		{E5B02DC8-FBFD-41AB-B4AA-F1178DC68CA8}.Release|Any CPU.Build.0 = Release|Any CPU
		{1CE087C3-F6F4-4E73-B66E-CFFC97CFA294}.Debug|Any CPU.ActiveCfg = Debug|Any CPU
		{1CE087C3-F6F4-4E73-B66E-CFFC97CFA294}.Debug|Any CPU.Build.0 = Debug|Any CPU
		{1CE087C3-F6F4-4E73-B66E-CFFC97CFA294}.Release|Any CPU.ActiveCfg = Release|Any CPU
		{1CE087C3-F6F4-4E73-B66E-CFFC97CFA294}.Release|Any CPU.Build.0 = Release|Any CPU
		{689056D9-120F-413A-8B78-5BBB55AEE509}.Debug|Any CPU.ActiveCfg = Debug|Any CPU
		{689056D9-120F-413A-8B78-5BBB55AEE509}.Debug|Any CPU.Build.0 = Debug|Any CPU
		{689056D9-120F-413A-8B78-5BBB55AEE509}.Release|Any CPU.ActiveCfg = Release|Any CPU
		{689056D9-120F-413A-8B78-5BBB55AEE509}.Release|Any CPU.Build.0 = Release|Any CPU
		{9D3CFE42-7BEE-4688-9D63-D0924DF03ECC}.Debug|Any CPU.ActiveCfg = Debug|Any CPU
		{9D3CFE42-7BEE-4688-9D63-D0924DF03ECC}.Debug|Any CPU.Build.0 = Debug|Any CPU
		{9D3CFE42-7BEE-4688-9D63-D0924DF03ECC}.Release|Any CPU.ActiveCfg = Release|Any CPU
		{9D3CFE42-7BEE-4688-9D63-D0924DF03ECC}.Release|Any CPU.Build.0 = Release|Any CPU
	EndGlobalSection
	GlobalSection(SolutionProperties) = preSolution
		HideSolutionNode = FALSE
	EndGlobalSection
EndGlobal
